// !$*UTF8*$!
{
	archiveVersion = 1;
	classes = {
	};
	objectVersion = 46;
	objects = {

/* Begin PBXBuildFile section */
		D9CDDC781EC77FB400A95B86 /* AppDelegate.swift in Sources */ = {isa = PBXBuildFile; fileRef = D9CDDC771EC77FB400A95B86 /* AppDelegate.swift */; };
		D9CDDC7A1EC77FB400A95B86 /* GameScene.sks in Resources */ = {isa = PBXBuildFile; fileRef = D9CDDC791EC77FB400A95B86 /* GameScene.sks */; };
		D9CDDC7C1EC77FB400A95B86 /* Actions.sks in Resources */ = {isa = PBXBuildFile; fileRef = D9CDDC7B1EC77FB400A95B86 /* Actions.sks */; };
		D9CDDC7E1EC77FB400A95B86 /* GameScene.swift in Sources */ = {isa = PBXBuildFile; fileRef = D9CDDC7D1EC77FB400A95B86 /* GameScene.swift */; };
		D9CDDC801EC77FB400A95B86 /* GameViewController.swift in Sources */ = {isa = PBXBuildFile; fileRef = D9CDDC7F1EC77FB400A95B86 /* GameViewController.swift */; };
		D9CDDC831EC77FB400A95B86 /* Main.storyboard in Resources */ = {isa = PBXBuildFile; fileRef = D9CDDC811EC77FB400A95B86 /* Main.storyboard */; };
		D9CDDC851EC77FB400A95B86 /* Assets.xcassets in Resources */ = {isa = PBXBuildFile; fileRef = D9CDDC841EC77FB400A95B86 /* Assets.xcassets */; };
		D9CDDC881EC77FB400A95B86 /* LaunchScreen.storyboard in Resources */ = {isa = PBXBuildFile; fileRef = D9CDDC861EC77FB400A95B86 /* LaunchScreen.storyboard */; };
		D9CDDC901EC780FB00A95B86 /* Smashing-Things.atlas in Resources */ = {isa = PBXBuildFile; fileRef = D9CDDC8F1EC780FB00A95B86 /* Smashing-Things.atlas */; };
		D9CDDC921EC7872E00A95B86 /* Orange.swift in Sources */ = {isa = PBXBuildFile; fileRef = D9CDDC911EC7872E00A95B86 /* Orange.swift */; };
/* End PBXBuildFile section */

/* Begin PBXFileReference section */
		D9CDDC741EC77FB400A95B86 /* Smashing-Things.app */ = {isa = PBXFileReference; explicitFileType = wrapper.application; includeInIndex = 0; path = "Smashing-Things.app"; sourceTree = BUILT_PRODUCTS_DIR; };
		D9CDDC771EC77FB400A95B86 /* AppDelegate.swift */ = {isa = PBXFileReference; lastKnownFileType = sourcecode.swift; path = AppDelegate.swift; sourceTree = "<group>"; };
		D9CDDC791EC77FB400A95B86 /* GameScene.sks */ = {isa = PBXFileReference; lastKnownFileType = file.sks; path = GameScene.sks; sourceTree = "<group>"; };
		D9CDDC7B1EC77FB400A95B86 /* Actions.sks */ = {isa = PBXFileReference; lastKnownFileType = file.sks; path = Actions.sks; sourceTree = "<group>"; };
		D9CDDC7D1EC77FB400A95B86 /* GameScene.swift */ = {isa = PBXFileReference; lastKnownFileType = sourcecode.swift; path = GameScene.swift; sourceTree = "<group>"; };
		D9CDDC7F1EC77FB400A95B86 /* GameViewController.swift */ = {isa = PBXFileReference; lastKnownFileType = sourcecode.swift; path = GameViewController.swift; sourceTree = "<group>"; };
		D9CDDC821EC77FB400A95B86 /* Base */ = {isa = PBXFileReference; lastKnownFileType = file.storyboard; name = Base; path = Base.lproj/Main.storyboard; sourceTree = "<group>"; };
		D9CDDC841EC77FB400A95B86 /* Assets.xcassets */ = {isa = PBXFileReference; lastKnownFileType = folder.assetcatalog; path = Assets.xcassets; sourceTree = "<group>"; };
		D9CDDC871EC77FB400A95B86 /* Base */ = {isa = PBXFileReference; lastKnownFileType = file.storyboard; name = Base; path = Base.lproj/LaunchScreen.storyboard; sourceTree = "<group>"; };
		D9CDDC891EC77FB400A95B86 /* Info.plist */ = {isa = PBXFileReference; lastKnownFileType = text.plist.xml; path = Info.plist; sourceTree = "<group>"; };
		D9CDDC8F1EC780FB00A95B86 /* Smashing-Things.atlas */ = {isa = PBXFileReference; lastKnownFileType = folder.skatlas; path = "Smashing-Things.atlas"; sourceTree = "<group>"; };
		D9CDDC911EC7872E00A95B86 /* Orange.swift */ = {isa = PBXFileReference; fileEncoding = 4; lastKnownFileType = sourcecode.swift; path = Orange.swift; sourceTree = "<group>"; };
/* End PBXFileReference section */

/* Begin PBXFrameworksBuildPhase section */
		D9CDDC711EC77FB400A95B86 /* Frameworks */ = {
			isa = PBXFrameworksBuildPhase;
			buildActionMask = 2147483647;
			files = (
			);
			runOnlyForDeploymentPostprocessing = 0;
		};
/* End PBXFrameworksBuildPhase section */

/* Begin PBXGroup section */
		D9CDDC6B1EC77FB400A95B86 = {
			isa = PBXGroup;
			children = (
				D9CDDC761EC77FB400A95B86 /* Smashing-Things */,
				D9CDDC751EC77FB400A95B86 /* Products */,
			);
			sourceTree = "<group>";
		};
		D9CDDC751EC77FB400A95B86 /* Products */ = {
			isa = PBXGroup;
			children = (
				D9CDDC741EC77FB400A95B86 /* Smashing-Things.app */,
			);
			name = Products;
			sourceTree = "<group>";
		};
		D9CDDC761EC77FB400A95B86 /* Smashing-Things */ = {
			isa = PBXGroup;
			children = (
				D9CDDC771EC77FB400A95B86 /* AppDelegate.swift */,
				D9CDDC791EC77FB400A95B86 /* GameScene.sks */,
				D9CDDC7B1EC77FB400A95B86 /* Actions.sks */,
				D9CDDC7D1EC77FB400A95B86 /* GameScene.swift */,
				D9CDDC7F1EC77FB400A95B86 /* GameViewController.swift */,
				D9CDDC811EC77FB400A95B86 /* Main.storyboard */,
				D9CDDC8F1EC780FB00A95B86 /* Smashing-Things.atlas */,
				D9CDDC841EC77FB400A95B86 /* Assets.xcassets */,
				D9CDDC861EC77FB400A95B86 /* LaunchScreen.storyboard */,
				D9CDDC891EC77FB400A95B86 /* Info.plist */,
				D9CDDC911EC7872E00A95B86 /* Orange.swift */,
			);
			path = "Smashing-Things";
			sourceTree = "<group>";
		};
/* End PBXGroup section */

/* Begin PBXNativeTarget section */
		D9CDDC731EC77FB400A95B86 /* Smashing-Things */ = {
			isa = PBXNativeTarget;
			buildConfigurationList = D9CDDC8C1EC77FB400A95B86 /* Build configuration list for PBXNativeTarget "Smashing-Things" */;
			buildPhases = (
				D9CDDC701EC77FB400A95B86 /* Sources */,
				D9CDDC711EC77FB400A95B86 /* Frameworks */,
				D9CDDC721EC77FB400A95B86 /* Resources */,
			);
			buildRules = (
			);
			dependencies = (
			);
			name = "Smashing-Things";
			productName = "Smashing-Things";
			productReference = D9CDDC741EC77FB400A95B86 /* Smashing-Things.app */;
			productType = "com.apple.product-type.application";
		};
/* End PBXNativeTarget section */

/* Begin PBXProject section */
		D9CDDC6C1EC77FB400A95B86 /* Project object */ = {
			isa = PBXProject;
			attributes = {
				LastSwiftUpdateCheck = 0830;
				LastUpgradeCheck = 0830;
				ORGANIZATIONNAME = gawawa124;
				TargetAttributes = {
					D9CDDC731EC77FB400A95B86 = {
						CreatedOnToolsVersion = 8.3.2;
						DevelopmentTeam = 66MS4Z42LC;
						ProvisioningStyle = Automatic;
					};
				};
			};
			buildConfigurationList = D9CDDC6F1EC77FB400A95B86 /* Build configuration list for PBXProject "Smashing-Things" */;
			compatibilityVersion = "Xcode 3.2";
			developmentRegion = English;
			hasScannedForEncodings = 0;
			knownRegions = (
				en,
				Base,
			);
			mainGroup = D9CDDC6B1EC77FB400A95B86;
			productRefGroup = D9CDDC751EC77FB400A95B86 /* Products */;
			projectDirPath = "";
			projectRoot = "";
			targets = (
				D9CDDC731EC77FB400A95B86 /* Smashing-Things */,
			);
		};
/* End PBXProject section */

/* Begin PBXResourcesBuildPhase section */
		D9CDDC721EC77FB400A95B86 /* Resources */ = {
			isa = PBXResourcesBuildPhase;
			buildActionMask = 2147483647;
			files = (
				D9CDDC901EC780FB00A95B86 /* Smashing-Things.atlas in Resources */,
				D9CDDC831EC77FB400A95B86 /* Main.storyboard in Resources */,
				D9CDDC7A1EC77FB400A95B86 /* GameScene.sks in Resources */,
				D9CDDC851EC77FB400A95B86 /* Assets.xcassets in Resources */,
				D9CDDC881EC77FB400A95B86 /* LaunchScreen.storyboard in Resources */,
				D9CDDC7C1EC77FB400A95B86 /* Actions.sks in Resources */,
			);
			runOnlyForDeploymentPostprocessing = 0;
		};
/* End PBXResourcesBuildPhase section */

/* Begin PBXSourcesBuildPhase section */
		D9CDDC701EC77FB400A95B86 /* Sources */ = {
			isa = PBXSourcesBuildPhase;
			buildActionMask = 2147483647;
			files = (
				D9CDDC7E1EC77FB400A95B86 /* GameScene.swift in Sources */,
				D9CDDC801EC77FB400A95B86 /* GameViewController.swift in Sources */,
				D9CDDC781EC77FB400A95B86 /* AppDelegate.swift in Sources */,
				D9CDDC921EC7872E00A95B86 /* Orange.swift in Sources */,
			);
			runOnlyForDeploymentPostprocessing = 0;
		};
/* End PBXSourcesBuildPhase section */

/* Begin PBXVariantGroup section */
		D9CDDC811EC77FB400A95B86 /* Main.storyboard */ = {
			isa = PBXVariantGroup;
			children = (
				D9CDDC821EC77FB400A95B86 /* Base */,
			);
			name = Main.storyboard;
			sourceTree = "<group>";
		};
		D9CDDC861EC77FB400A95B86 /* LaunchScreen.storyboard */ = {
			isa = PBXVariantGroup;
			children = (
				D9CDDC871EC77FB400A95B86 /* Base */,
			);
			name = LaunchScreen.storyboard;
			sourceTree = "<group>";
		};
/* End PBXVariantGroup section */

/* Begin XCBuildConfiguration section */
		D9CDDC8A1EC77FB400A95B86 /* Debug */ = {
			isa = XCBuildConfiguration;
			buildSettings = {
				ALWAYS_SEARCH_USER_PATHS = NO;
				CLANG_ANALYZER_NONNULL = YES;
				CLANG_ANALYZER_NUMBER_OBJECT_CONVERSION = YES_AGGRESSIVE;
				CLANG_CXX_LANGUAGE_STANDARD = "gnu++0x";
				CLANG_CXX_LIBRARY = "libc++";
				CLANG_ENABLE_MODULES = YES;
				CLANG_ENABLE_OBJC_ARC = YES;
				CLANG_WARN_BOOL_CONVERSION = YES;
				CLANG_WARN_CONSTANT_CONVERSION = YES;
				CLANG_WARN_DIRECT_OBJC_ISA_USAGE = YES_ERROR;
				CLANG_WARN_DOCUMENTATION_COMMENTS = YES;
				CLANG_WARN_EMPTY_BODY = YES;
				CLANG_WARN_ENUM_CONVERSION = YES;
				CLANG_WARN_INFINITE_RECURSION = YES;
				CLANG_WARN_INT_CONVERSION = YES;
				CLANG_WARN_OBJC_ROOT_CLASS = YES_ERROR;
				CLANG_WARN_SUSPICIOUS_MOVE = YES;
				CLANG_WARN_UNREACHABLE_CODE = YES;
				CLANG_WARN__DUPLICATE_METHOD_MATCH = YES;
				"CODE_SIGN_IDENTITY[sdk=iphoneos*]" = "iPhone Developer";
				COPY_PHASE_STRIP = NO;
				DEBUG_INFORMATION_FORMAT = dwarf;
				ENABLE_STRICT_OBJC_MSGSEND = YES;
				ENABLE_TESTABILITY = YES;
				GCC_C_LANGUAGE_STANDARD = gnu99;
				GCC_DYNAMIC_NO_PIC = NO;
				GCC_NO_COMMON_BLOCKS = YES;
				GCC_OPTIMIZATION_LEVEL = 0;
				GCC_PREPROCESSOR_DEFINITIONS = (
					"DEBUG=1",
					"$(inherited)",
				);
				GCC_WARN_64_TO_32_BIT_CONVERSION = YES;
				GCC_WARN_ABOUT_RETURN_TYPE = YES_ERROR;
				GCC_WARN_UNDECLARED_SELECTOR = YES;
				GCC_WARN_UNINITIALIZED_AUTOS = YES_AGGRESSIVE;
				GCC_WARN_UNUSED_FUNCTION = YES;
				GCC_WARN_UNUSED_VARIABLE = YES;
				IPHONEOS_DEPLOYMENT_TARGET = 10.3;
				MTL_ENABLE_DEBUG_INFO = YES;
				ONLY_ACTIVE_ARCH = YES;
				SDKROOT = iphoneos;
				SWIFT_ACTIVE_COMPILATION_CONDITIONS = DEBUG;
				SWIFT_OPTIMIZATION_LEVEL = "-Onone";
			};
			name = Debug;
		};
		D9CDDC8B1EC77FB400A95B86 /* Release */ = {
			isa = XCBuildConfiguration;
			buildSettings = {
				ALWAYS_SEARCH_USER_PATHS = NO;
				CLANG_ANALYZER_NONNULL = YES;
				CLANG_ANALYZER_NUMBER_OBJECT_CONVERSION = YES_AGGRESSIVE;
				CLANG_CXX_LANGUAGE_STANDARD = "gnu++0x";
				CLANG_CXX_LIBRARY = "libc++";
				CLANG_ENABLE_MODULES = YES;
				CLANG_ENABLE_OBJC_ARC = YES;
				CLANG_WARN_BOOL_CONVERSION = YES;
				CLANG_WARN_CONSTANT_CONVERSION = YES;
				CLANG_WARN_DIRECT_OBJC_ISA_USAGE = YES_ERROR;
				CLANG_WARN_DOCUMENTATION_COMMENTS = YES;
				CLANG_WARN_EMPTY_BODY = YES;
				CLANG_WARN_ENUM_CONVERSION = YES;
				CLANG_WARN_INFINITE_RECURSION = YES;
				CLANG_WARN_INT_CONVERSION = YES;
				CLANG_WARN_OBJC_ROOT_CLASS = YES_ERROR;
				CLANG_WARN_SUSPICIOUS_MOVE = YES;
				CLANG_WARN_UNREACHABLE_CODE = YES;
				CLANG_WARN__DUPLICATE_METHOD_MATCH = YES;
				"CODE_SIGN_IDENTITY[sdk=iphoneos*]" = "iPhone Developer";
				COPY_PHASE_STRIP = NO;
				DEBUG_INFORMATION_FORMAT = "dwarf-with-dsym";
				ENABLE_NS_ASSERTIONS = NO;
				ENABLE_STRICT_OBJC_MSGSEND = YES;
				GCC_C_LANGUAGE_STANDARD = gnu99;
				GCC_NO_COMMON_BLOCKS = YES;
				GCC_WARN_64_TO_32_BIT_CONVERSION = YES;
				GCC_WARN_ABOUT_RETURN_TYPE = YES_ERROR;
				GCC_WARN_UNDECLARED_SELECTOR = YES;
				GCC_WARN_UNINITIALIZED_AUTOS = YES_AGGRESSIVE;
				GCC_WARN_UNUSED_FUNCTION = YES;
				GCC_WARN_UNUSED_VARIABLE = YES;
				IPHONEOS_DEPLOYMENT_TARGET = 10.3;
				MTL_ENABLE_DEBUG_INFO = NO;
				SDKROOT = iphoneos;
				SWIFT_OPTIMIZATION_LEVEL = "-Owholemodule";
				VALIDATE_PRODUCT = YES;
			};
			name = Release;
		};
		D9CDDC8D1EC77FB400A95B86 /* Debug */ = {
			isa = XCBuildConfiguration;
			buildSettings = {
				ASSETCATALOG_COMPILER_APPICON_NAME = AppIcon;
				DEVELOPMENT_TEAM = 66MS4Z42LC;
				INFOPLIST_FILE = "Smashing-Things/Info.plist";
				IPHONEOS_DEPLOYMENT_TARGET = 9.0;
				LD_RUNPATH_SEARCH_PATHS = "$(inherited) @executable_path/Frameworks";
				PRODUCT_BUNDLE_IDENTIFIER = "gawawa124.Smashing-Things";
				PRODUCT_NAME = "$(TARGET_NAME)";
				SWIFT_VERSION = 3.0;
			};
			name = Debug;
		};
		D9CDDC8E1EC77FB400A95B86 /* Release */ = {
			isa = XCBuildConfiguration;
			buildSettings = {
				ASSETCATALOG_COMPILER_APPICON_NAME = AppIcon;
				DEVELOPMENT_TEAM = 66MS4Z42LC;
				INFOPLIST_FILE = "Smashing-Things/Info.plist";
				IPHONEOS_DEPLOYMENT_TARGET = 9.0;
				LD_RUNPATH_SEARCH_PATHS = "$(inherited) @executable_path/Frameworks";
				PRODUCT_BUNDLE_IDENTIFIER = "gawawa124.Smashing-Things";
				PRODUCT_NAME = "$(TARGET_NAME)";
				SWIFT_VERSION = 3.0;
			};
			name = Release;
		};
/* End XCBuildConfiguration section */

/* Begin XCConfigurationList section */
		D9CDDC6F1EC77FB400A95B86 /* Build configuration list for PBXProject "Smashing-Things" */ = {
			isa = XCConfigurationList;
			buildConfigurations = (
				D9CDDC8A1EC77FB400A95B86 /* Debug */,
				D9CDDC8B1EC77FB400A95B86 /* Release */,
			);
			defaultConfigurationIsVisible = 0;
			defaultConfigurationName = Release;
		};
		D9CDDC8C1EC77FB400A95B86 /* Build configuration list for PBXNativeTarget "Smashing-Things" */ = {
			isa = XCConfigurationList;
			buildConfigurations = (
				D9CDDC8D1EC77FB400A95B86 /* Debug */,
				D9CDDC8E1EC77FB400A95B86 /* Release */,
			);
			defaultConfigurationIsVisible = 0;
		};
/* End XCConfigurationList section */
	};
	rootObject = D9CDDC6C1EC77FB400A95B86 /* Project object */;
}
